// !$*UTF8*$!
{
	archiveVersion = 1;
	classes = {
	};
	objectVersion = 52;
	objects = {

/* Begin PBXBuildFile section */
		103559EA2549A7010019E88B /* Item.swift in Sources */ = {isa = PBXBuildFile; fileRef = 103559E92549A7010019E88B /* Item.swift */; };
		104C3828254988AA00C72197 /* Menu.swift in Sources */ = {isa = PBXBuildFile; fileRef = 104C3827254988AA00C72197 /* Menu.swift */; };
		104C382D2549A01C00C72197 /* GoogleService-Info.plist in Resources */ = {isa = PBXBuildFile; fileRef = 104C382C2549A01C00C72197 /* GoogleService-Info.plist */; };
		10716E31254B139D00F654B8 /* FiltreView.swift in Sources */ = {isa = PBXBuildFile; fileRef = 10716E30254B139D00F654B8 /* FiltreView.swift */; };
		1074FA3825496C8F004492E9 /* SwiftUI_FoodAppApp.swift in Sources */ = {isa = PBXBuildFile; fileRef = 1074FA3725496C8F004492E9 /* SwiftUI_FoodAppApp.swift */; };
		1074FA3A25496C8F004492E9 /* ContentView.swift in Sources */ = {isa = PBXBuildFile; fileRef = 1074FA3925496C8F004492E9 /* ContentView.swift */; };
		1074FA3C25496C8F004492E9 /* Assets.xcassets in Resources */ = {isa = PBXBuildFile; fileRef = 1074FA3B25496C8F004492E9 /* Assets.xcassets */; };
		1074FA3F25496C8F004492E9 /* Preview Assets.xcassets in Resources */ = {isa = PBXBuildFile; fileRef = 1074FA3E25496C8F004492E9 /* Preview Assets.xcassets */; };
		1074FA4A25496C90004492E9 /* SwiftUI_FoodAppTests.swift in Sources */ = {isa = PBXBuildFile; fileRef = 1074FA4925496C90004492E9 /* SwiftUI_FoodAppTests.swift */; };
		1074FA5525496C90004492E9 /* SwiftUI_FoodAppUITests.swift in Sources */ = {isa = PBXBuildFile; fileRef = 1074FA5425496C90004492E9 /* SwiftUI_FoodAppUITests.swift */; };
		1074FA6925496CD3004492E9 /* Home.swift in Sources */ = {isa = PBXBuildFile; fileRef = 1074FA6825496CD3004492E9 /* Home.swift */; };
		1074FA7125496CF0004492E9 /* HomeModelView.swift in Sources */ = {isa = PBXBuildFile; fileRef = 1074FA7025496CF0004492E9 /* HomeModelView.swift */; };
		10EA9CD6254AA3E7001E5D23 /* ItemView.swift in Sources */ = {isa = PBXBuildFile; fileRef = 10EA9CD5254AA3E7001E5D23 /* ItemView.swift */; };
		10EA9CDC254AA478001E5D23 /* SDWebImageSwiftUI in Frameworks */ = {isa = PBXBuildFile; productRef = 10EA9CDB254AA478001E5D23 /* SDWebImageSwiftUI */; };
		10EA9CE1254AB8B9001E5D23 /* Cart.swift in Sources */ = {isa = PBXBuildFile; fileRef = 10EA9CE0254AB8B9001E5D23 /* Cart.swift */; };
		10EA9CE6254AC417001E5D23 /* CartView.swift in Sources */ = {isa = PBXBuildFile; fileRef = 10EA9CE5254AC417001E5D23 /* CartView.swift */; };
		2AE323CBFA1D0CA212321C67 /* Pods_SwiftUI_FoodApp.framework in Frameworks */ = {isa = PBXBuildFile; fileRef = B04E48F06E9404D57AB172CA /* Pods_SwiftUI_FoodApp.framework */; };
		B54F9D35EB7E4EAED09BE0AB /* Pods_SwiftUI_FoodAppTests.framework in Frameworks */ = {isa = PBXBuildFile; fileRef = ABBD867C88C7C434CF274855 /* Pods_SwiftUI_FoodAppTests.framework */; };
		EA5EFF58BAFCE567186E97DD /* Pods_SwiftUI_FoodApp_SwiftUI_FoodAppUITests.framework in Frameworks */ = {isa = PBXBuildFile; fileRef = 4BED9FD302EFE42520BDC111 /* Pods_SwiftUI_FoodApp_SwiftUI_FoodAppUITests.framework */; };
/* End PBXBuildFile section */

/* Begin PBXContainerItemProxy section */
		1074FA4625496C90004492E9 /* PBXContainerItemProxy */ = {
			isa = PBXContainerItemProxy;
			containerPortal = 1074FA2C25496C8F004492E9 /* Project object */;
			proxyType = 1;
			remoteGlobalIDString = 1074FA3325496C8F004492E9;
			remoteInfo = "SwiftUI FoodApp";
		};
		1074FA5125496C90004492E9 /* PBXContainerItemProxy */ = {
			isa = PBXContainerItemProxy;
			containerPortal = 1074FA2C25496C8F004492E9 /* Project object */;
			proxyType = 1;
			remoteGlobalIDString = 1074FA3325496C8F004492E9;
			remoteInfo = "SwiftUI FoodApp";
		};
/* End PBXContainerItemProxy section */

/* Begin PBXFileReference section */
		103559E92549A7010019E88B /* Item.swift */ = {isa = PBXFileReference; lastKnownFileType = sourcecode.swift; path = Item.swift; sourceTree = "<group>"; };
		104C3827254988AA00C72197 /* Menu.swift */ = {isa = PBXFileReference; lastKnownFileType = sourcecode.swift; path = Menu.swift; sourceTree = "<group>"; };
		104C382C2549A01C00C72197 /* GoogleService-Info.plist */ = {isa = PBXFileReference; fileEncoding = 4; lastKnownFileType = text.plist.xml; path = "GoogleService-Info.plist"; sourceTree = "<group>"; };
		10716E30254B139D00F654B8 /* FiltreView.swift */ = {isa = PBXFileReference; lastKnownFileType = sourcecode.swift; path = FiltreView.swift; sourceTree = "<group>"; };
		1074FA3425496C8F004492E9 /* SwiftUI FoodApp.app */ = {isa = PBXFileReference; explicitFileType = wrapper.application; includeInIndex = 0; path = "SwiftUI FoodApp.app"; sourceTree = BUILT_PRODUCTS_DIR; };
		1074FA3725496C8F004492E9 /* SwiftUI_FoodAppApp.swift */ = {isa = PBXFileReference; lastKnownFileType = sourcecode.swift; path = SwiftUI_FoodAppApp.swift; sourceTree = "<group>"; };
		1074FA3925496C8F004492E9 /* ContentView.swift */ = {isa = PBXFileReference; lastKnownFileType = sourcecode.swift; path = ContentView.swift; sourceTree = "<group>"; };
		1074FA3B25496C8F004492E9 /* Assets.xcassets */ = {isa = PBXFileReference; lastKnownFileType = folder.assetcatalog; path = Assets.xcassets; sourceTree = "<group>"; };
		1074FA3E25496C8F004492E9 /* Preview Assets.xcassets */ = {isa = PBXFileReference; lastKnownFileType = folder.assetcatalog; path = "Preview Assets.xcassets"; sourceTree = "<group>"; };
		1074FA4025496C8F004492E9 /* Info.plist */ = {isa = PBXFileReference; lastKnownFileType = text.plist.xml; path = Info.plist; sourceTree = "<group>"; };
		1074FA4525496C90004492E9 /* SwiftUI FoodAppTests.xctest */ = {isa = PBXFileReference; explicitFileType = wrapper.cfbundle; includeInIndex = 0; path = "SwiftUI FoodAppTests.xctest"; sourceTree = BUILT_PRODUCTS_DIR; };
		1074FA4925496C90004492E9 /* SwiftUI_FoodAppTests.swift */ = {isa = PBXFileReference; lastKnownFileType = sourcecode.swift; path = SwiftUI_FoodAppTests.swift; sourceTree = "<group>"; };
		1074FA4B25496C90004492E9 /* Info.plist */ = {isa = PBXFileReference; lastKnownFileType = text.plist.xml; path = Info.plist; sourceTree = "<group>"; };
		1074FA5025496C90004492E9 /* SwiftUI FoodAppUITests.xctest */ = {isa = PBXFileReference; explicitFileType = wrapper.cfbundle; includeInIndex = 0; path = "SwiftUI FoodAppUITests.xctest"; sourceTree = BUILT_PRODUCTS_DIR; };
		1074FA5425496C90004492E9 /* SwiftUI_FoodAppUITests.swift */ = {isa = PBXFileReference; lastKnownFileType = sourcecode.swift; path = SwiftUI_FoodAppUITests.swift; sourceTree = "<group>"; };
		1074FA5625496C90004492E9 /* Info.plist */ = {isa = PBXFileReference; lastKnownFileType = text.plist.xml; path = Info.plist; sourceTree = "<group>"; };
		1074FA6825496CD3004492E9 /* Home.swift */ = {isa = PBXFileReference; lastKnownFileType = sourcecode.swift; path = Home.swift; sourceTree = "<group>"; };
		1074FA7025496CF0004492E9 /* HomeModelView.swift */ = {isa = PBXFileReference; lastKnownFileType = sourcecode.swift; path = HomeModelView.swift; sourceTree = "<group>"; };
		10EA9CD5254AA3E7001E5D23 /* ItemView.swift */ = {isa = PBXFileReference; lastKnownFileType = sourcecode.swift; path = ItemView.swift; sourceTree = "<group>"; };
		10EA9CE0254AB8B9001E5D23 /* Cart.swift */ = {isa = PBXFileReference; lastKnownFileType = sourcecode.swift; path = Cart.swift; sourceTree = "<group>"; };
		10EA9CE5254AC417001E5D23 /* CartView.swift */ = {isa = PBXFileReference; lastKnownFileType = sourcecode.swift; path = CartView.swift; sourceTree = "<group>"; };
		43DE604AD97180D9A8BB4235 /* Pods-SwiftUI FoodApp-SwiftUI FoodAppUITests.debug.xcconfig */ = {isa = PBXFileReference; includeInIndex = 1; lastKnownFileType = text.xcconfig; name = "Pods-SwiftUI FoodApp-SwiftUI FoodAppUITests.debug.xcconfig"; path = "Target Support Files/Pods-SwiftUI FoodApp-SwiftUI FoodAppUITests/Pods-SwiftUI FoodApp-SwiftUI FoodAppUITests.debug.xcconfig"; sourceTree = "<group>"; };
		4BED9FD302EFE42520BDC111 /* Pods_SwiftUI_FoodApp_SwiftUI_FoodAppUITests.framework */ = {isa = PBXFileReference; explicitFileType = wrapper.framework; includeInIndex = 0; path = Pods_SwiftUI_FoodApp_SwiftUI_FoodAppUITests.framework; sourceTree = BUILT_PRODUCTS_DIR; };
		8818C6E5D8CEF9283D333423 /* Pods-SwiftUI FoodApp-SwiftUI FoodAppUITests.release.xcconfig */ = {isa = PBXFileReference; includeInIndex = 1; lastKnownFileType = text.xcconfig; name = "Pods-SwiftUI FoodApp-SwiftUI FoodAppUITests.release.xcconfig"; path = "Target Support Files/Pods-SwiftUI FoodApp-SwiftUI FoodAppUITests/Pods-SwiftUI FoodApp-SwiftUI FoodAppUITests.release.xcconfig"; sourceTree = "<group>"; };
		ABBD867C88C7C434CF274855 /* Pods_SwiftUI_FoodAppTests.framework */ = {isa = PBXFileReference; explicitFileType = wrapper.framework; includeInIndex = 0; path = Pods_SwiftUI_FoodAppTests.framework; sourceTree = BUILT_PRODUCTS_DIR; };
		AD206426A7DCDC792BC62212 /* Pods-SwiftUI FoodApp.release.xcconfig */ = {isa = PBXFileReference; includeInIndex = 1; lastKnownFileType = text.xcconfig; name = "Pods-SwiftUI FoodApp.release.xcconfig"; path = "Target Support Files/Pods-SwiftUI FoodApp/Pods-SwiftUI FoodApp.release.xcconfig"; sourceTree = "<group>"; };
		B04E48F06E9404D57AB172CA /* Pods_SwiftUI_FoodApp.framework */ = {isa = PBXFileReference; explicitFileType = wrapper.framework; includeInIndex = 0; path = Pods_SwiftUI_FoodApp.framework; sourceTree = BUILT_PRODUCTS_DIR; };
		BB96F519E729FAEFB882CCD9 /* Pods-SwiftUI FoodAppTests.release.xcconfig */ = {isa = PBXFileReference; includeInIndex = 1; lastKnownFileType = text.xcconfig; name = "Pods-SwiftUI FoodAppTests.release.xcconfig"; path = "Target Support Files/Pods-SwiftUI FoodAppTests/Pods-SwiftUI FoodAppTests.release.xcconfig"; sourceTree = "<group>"; };
		E832C4C195A3387028D916F9 /* Pods-SwiftUI FoodApp.debug.xcconfig */ = {isa = PBXFileReference; includeInIndex = 1; lastKnownFileType = text.xcconfig; name = "Pods-SwiftUI FoodApp.debug.xcconfig"; path = "Target Support Files/Pods-SwiftUI FoodApp/Pods-SwiftUI FoodApp.debug.xcconfig"; sourceTree = "<group>"; };
		ED1FB592BD50BAD9F0628C65 /* Pods-SwiftUI FoodAppTests.debug.xcconfig */ = {isa = PBXFileReference; includeInIndex = 1; lastKnownFileType = text.xcconfig; name = "Pods-SwiftUI FoodAppTests.debug.xcconfig"; path = "Target Support Files/Pods-SwiftUI FoodAppTests/Pods-SwiftUI FoodAppTests.debug.xcconfig"; sourceTree = "<group>"; };
/* End PBXFileReference section */

/* Begin PBXFrameworksBuildPhase section */
		1074FA3125496C8F004492E9 /* Frameworks */ = {
			isa = PBXFrameworksBuildPhase;
			buildActionMask = 2147483647;
			files = (
				10EA9CDC254AA478001E5D23 /* SDWebImageSwiftUI in Frameworks */,
				2AE323CBFA1D0CA212321C67 /* Pods_SwiftUI_FoodApp.framework in Frameworks */,
			);
			runOnlyForDeploymentPostprocessing = 0;
		};
		1074FA4225496C90004492E9 /* Frameworks */ = {
			isa = PBXFrameworksBuildPhase;
			buildActionMask = 2147483647;
			files = (
				B54F9D35EB7E4EAED09BE0AB /* Pods_SwiftUI_FoodAppTests.framework in Frameworks */,
			);
			runOnlyForDeploymentPostprocessing = 0;
		};
		1074FA4D25496C90004492E9 /* Frameworks */ = {
			isa = PBXFrameworksBuildPhase;
			buildActionMask = 2147483647;
			files = (
				EA5EFF58BAFCE567186E97DD /* Pods_SwiftUI_FoodApp_SwiftUI_FoodAppUITests.framework in Frameworks */,
			);
			runOnlyForDeploymentPostprocessing = 0;
		};
/* End PBXFrameworksBuildPhase section */

/* Begin PBXGroup section */
		0A70D9277D14316D2DC23B95 /* Pods */ = {
			isa = PBXGroup;
			children = (
				E832C4C195A3387028D916F9 /* Pods-SwiftUI FoodApp.debug.xcconfig */,
				AD206426A7DCDC792BC62212 /* Pods-SwiftUI FoodApp.release.xcconfig */,
				43DE604AD97180D9A8BB4235 /* Pods-SwiftUI FoodApp-SwiftUI FoodAppUITests.debug.xcconfig */,
				8818C6E5D8CEF9283D333423 /* Pods-SwiftUI FoodApp-SwiftUI FoodAppUITests.release.xcconfig */,
				ED1FB592BD50BAD9F0628C65 /* Pods-SwiftUI FoodAppTests.debug.xcconfig */,
				BB96F519E729FAEFB882CCD9 /* Pods-SwiftUI FoodAppTests.release.xcconfig */,
			);
			path = Pods;
			sourceTree = "<group>";
		};
		1074FA2B25496C8F004492E9 = {
			isa = PBXGroup;
			children = (
				1074FA3625496C8F004492E9 /* SwiftUI FoodApp */,
				1074FA4825496C90004492E9 /* SwiftUI FoodAppTests */,
				1074FA5325496C90004492E9 /* SwiftUI FoodAppUITests */,
				1074FA3525496C8F004492E9 /* Products */,
				0A70D9277D14316D2DC23B95 /* Pods */,
				C5DAF6ED2AD65B4F9BD2AB8F /* Frameworks */,
			);
			sourceTree = "<group>";
		};
		1074FA3525496C8F004492E9 /* Products */ = {
			isa = PBXGroup;
			children = (
				1074FA3425496C8F004492E9 /* SwiftUI FoodApp.app */,
				1074FA4525496C90004492E9 /* SwiftUI FoodAppTests.xctest */,
				1074FA5025496C90004492E9 /* SwiftUI FoodAppUITests.xctest */,
			);
			name = Products;
			sourceTree = "<group>";
		};
		1074FA3625496C8F004492E9 /* SwiftUI FoodApp */ = {
			isa = PBXGroup;
			children = (
				104C382C2549A01C00C72197 /* GoogleService-Info.plist */,
				1074FA6725496CBF004492E9 /* ModelView */,
				1074FA6625496CB8004492E9 /* Models */,
				1074FA6525496CB1004492E9 /* Views */,
				1074FA3725496C8F004492E9 /* SwiftUI_FoodAppApp.swift */,
				1074FA3925496C8F004492E9 /* ContentView.swift */,
				1074FA3B25496C8F004492E9 /* Assets.xcassets */,
				1074FA4025496C8F004492E9 /* Info.plist */,
				1074FA3D25496C8F004492E9 /* Preview Content */,
			);
			path = "SwiftUI FoodApp";
			sourceTree = "<group>";
		};
		1074FA3D25496C8F004492E9 /* Preview Content */ = {
			isa = PBXGroup;
			children = (
				1074FA3E25496C8F004492E9 /* Preview Assets.xcassets */,
			);
			path = "Preview Content";
			sourceTree = "<group>";
		};
		1074FA4825496C90004492E9 /* SwiftUI FoodAppTests */ = {
			isa = PBXGroup;
			children = (
				1074FA4925496C90004492E9 /* SwiftUI_FoodAppTests.swift */,
				1074FA4B25496C90004492E9 /* Info.plist */,
			);
			path = "SwiftUI FoodAppTests";
			sourceTree = "<group>";
		};
		1074FA5325496C90004492E9 /* SwiftUI FoodAppUITests */ = {
			isa = PBXGroup;
			children = (
				1074FA5425496C90004492E9 /* SwiftUI_FoodAppUITests.swift */,
				1074FA5625496C90004492E9 /* Info.plist */,
			);
			path = "SwiftUI FoodAppUITests";
			sourceTree = "<group>";
		};
		1074FA6525496CB1004492E9 /* Views */ = {
			isa = PBXGroup;
			children = (
				1074FA6825496CD3004492E9 /* Home.swift */,
				104C3827254988AA00C72197 /* Menu.swift */,
				10EA9CD5254AA3E7001E5D23 /* ItemView.swift */,
				10EA9CE5254AC417001E5D23 /* CartView.swift */,
				10716E30254B139D00F654B8 /* FiltreView.swift */,
			);
			path = Views;
			sourceTree = "<group>";
		};
		1074FA6625496CB8004492E9 /* Models */ = {
			isa = PBXGroup;
			children = (
				103559E92549A7010019E88B /* Item.swift */,
				10EA9CE0254AB8B9001E5D23 /* Cart.swift */,
			);
			path = Models;
			sourceTree = "<group>";
		};
		1074FA6725496CBF004492E9 /* ModelView */ = {
			isa = PBXGroup;
			children = (
				1074FA7025496CF0004492E9 /* HomeModelView.swift */,
			);
			path = ModelView;
			sourceTree = "<group>";
		};
		C5DAF6ED2AD65B4F9BD2AB8F /* Frameworks */ = {
			isa = PBXGroup;
			children = (
				B04E48F06E9404D57AB172CA /* Pods_SwiftUI_FoodApp.framework */,
				4BED9FD302EFE42520BDC111 /* Pods_SwiftUI_FoodApp_SwiftUI_FoodAppUITests.framework */,
				ABBD867C88C7C434CF274855 /* Pods_SwiftUI_FoodAppTests.framework */,
			);
			name = Frameworks;
			sourceTree = "<group>";
		};
/* End PBXGroup section */

/* Begin PBXNativeTarget section */
		1074FA3325496C8F004492E9 /* SwiftUI FoodApp */ = {
			isa = PBXNativeTarget;
			buildConfigurationList = 1074FA5925496C90004492E9 /* Build configuration list for PBXNativeTarget "SwiftUI FoodApp" */;
			buildPhases = (
				32E11549720ABF215B0001D5 /* [CP] Check Pods Manifest.lock */,
				1074FA3025496C8F004492E9 /* Sources */,
				1074FA3125496C8F004492E9 /* Frameworks */,
				1074FA3225496C8F004492E9 /* Resources */,
				71E5ED0CD1744D388706441C /* [CP] Embed Pods Frameworks */,
			);
			buildRules = (
			);
			dependencies = (
			);
			name = "SwiftUI FoodApp";
			packageProductDependencies = (
				10EA9CDB254AA478001E5D23 /* SDWebImageSwiftUI */,
			);
			productName = "SwiftUI FoodApp";
			productReference = 1074FA3425496C8F004492E9 /* SwiftUI FoodApp.app */;
			productType = "com.apple.product-type.application";
		};
		1074FA4425496C90004492E9 /* SwiftUI FoodAppTests */ = {
			isa = PBXNativeTarget;
			buildConfigurationList = 1074FA5C25496C90004492E9 /* Build configuration list for PBXNativeTarget "SwiftUI FoodAppTests" */;
			buildPhases = (
				C64ED7CB3298D84F1D747957 /* [CP] Check Pods Manifest.lock */,
				1074FA4125496C90004492E9 /* Sources */,
				1074FA4225496C90004492E9 /* Frameworks */,
				1074FA4325496C90004492E9 /* Resources */,
			);
			buildRules = (
			);
			dependencies = (
				1074FA4725496C90004492E9 /* PBXTargetDependency */,
			);
			name = "SwiftUI FoodAppTests";
			productName = "SwiftUI FoodAppTests";
			productReference = 1074FA4525496C90004492E9 /* SwiftUI FoodAppTests.xctest */;
			productType = "com.apple.product-type.bundle.unit-test";
		};
		1074FA4F25496C90004492E9 /* SwiftUI FoodAppUITests */ = {
			isa = PBXNativeTarget;
			buildConfigurationList = 1074FA5F25496C90004492E9 /* Build configuration list for PBXNativeTarget "SwiftUI FoodAppUITests" */;
			buildPhases = (
				BB01A5262A91158EFDC9F272 /* [CP] Check Pods Manifest.lock */,
				1074FA4C25496C90004492E9 /* Sources */,
				1074FA4D25496C90004492E9 /* Frameworks */,
				1074FA4E25496C90004492E9 /* Resources */,
				72B6C69D02204FCEB5A83000 /* [CP] Embed Pods Frameworks */,
			);
			buildRules = (
			);
			dependencies = (
				1074FA5225496C90004492E9 /* PBXTargetDependency */,
			);
			name = "SwiftUI FoodAppUITests";
			productName = "SwiftUI FoodAppUITests";
			productReference = 1074FA5025496C90004492E9 /* SwiftUI FoodAppUITests.xctest */;
			productType = "com.apple.product-type.bundle.ui-testing";
		};
/* End PBXNativeTarget section */

/* Begin PBXProject section */
		1074FA2C25496C8F004492E9 /* Project object */ = {
			isa = PBXProject;
			attributes = {
				LastSwiftUpdateCheck = 1210;
				LastUpgradeCheck = 1210;
				TargetAttributes = {
					1074FA3325496C8F004492E9 = {
						CreatedOnToolsVersion = 12.1;
					};
					1074FA4425496C90004492E9 = {
						CreatedOnToolsVersion = 12.1;
						TestTargetID = 1074FA3325496C8F004492E9;
					};
					1074FA4F25496C90004492E9 = {
						CreatedOnToolsVersion = 12.1;
						TestTargetID = 1074FA3325496C8F004492E9;
					};
				};
			};
			buildConfigurationList = 1074FA2F25496C8F004492E9 /* Build configuration list for PBXProject "SwiftUI FoodApp" */;
			compatibilityVersion = "Xcode 9.3";
			developmentRegion = en;
			hasScannedForEncodings = 0;
			knownRegions = (
				en,
				Base,
			);
			mainGroup = 1074FA2B25496C8F004492E9;
			packageReferences = (
				10EA9CDA254AA478001E5D23 /* XCRemoteSwiftPackageReference "SDWebImageSwiftUI" */,
			);
			productRefGroup = 1074FA3525496C8F004492E9 /* Products */;
			projectDirPath = "";
			projectRoot = "";
			targets = (
				1074FA3325496C8F004492E9 /* SwiftUI FoodApp */,
				1074FA4425496C90004492E9 /* SwiftUI FoodAppTests */,
				1074FA4F25496C90004492E9 /* SwiftUI FoodAppUITests */,
			);
		};
/* End PBXProject section */

/* Begin PBXResourcesBuildPhase section */
		1074FA3225496C8F004492E9 /* Resources */ = {
			isa = PBXResourcesBuildPhase;
			buildActionMask = 2147483647;
			files = (
				1074FA3F25496C8F004492E9 /* Preview Assets.xcassets in Resources */,
				104C382D2549A01C00C72197 /* GoogleService-Info.plist in Resources */,
				1074FA3C25496C8F004492E9 /* Assets.xcassets in Resources */,
			);
			runOnlyForDeploymentPostprocessing = 0;
		};
		1074FA4325496C90004492E9 /* Resources */ = {
			isa = PBXResourcesBuildPhase;
			buildActionMask = 2147483647;
			files = (
			);
			runOnlyForDeploymentPostprocessing = 0;
		};
		1074FA4E25496C90004492E9 /* Resources */ = {
			isa = PBXResourcesBuildPhase;
			buildActionMask = 2147483647;
			files = (
			);
			runOnlyForDeploymentPostprocessing = 0;
		};
/* End PBXResourcesBuildPhase section */

/* Begin PBXShellScriptBuildPhase section */
		32E11549720ABF215B0001D5 /* [CP] Check Pods Manifest.lock */ = {
			isa = PBXShellScriptBuildPhase;
			buildActionMask = 2147483647;
			files = (
			);
			inputFileListPaths = (
			);
			inputPaths = (
				"${PODS_PODFILE_DIR_PATH}/Podfile.lock",
				"${PODS_ROOT}/Manifest.lock",
			);
			name = "[CP] Check Pods Manifest.lock";
			outputFileListPaths = (
			);
			outputPaths = (
				"$(DERIVED_FILE_DIR)/Pods-SwiftUI FoodApp-checkManifestLockResult.txt",
			);
			runOnlyForDeploymentPostprocessing = 0;
			shellPath = /bin/sh;
			shellScript = "diff \"${PODS_PODFILE_DIR_PATH}/Podfile.lock\" \"${PODS_ROOT}/Manifest.lock\" > /dev/null\nif [ $? != 0 ] ; then\n    # print error to STDERR\n    echo \"error: The sandbox is not in sync with the Podfile.lock. Run 'pod install' or update your CocoaPods installation.\" >&2\n    exit 1\nfi\n# This output is used by Xcode 'outputs' to avoid re-running this script phase.\necho \"SUCCESS\" > \"${SCRIPT_OUTPUT_FILE_0}\"\n";
			showEnvVarsInLog = 0;
		};
		71E5ED0CD1744D388706441C /* [CP] Embed Pods Frameworks */ = {
			isa = PBXShellScriptBuildPhase;
			buildActionMask = 2147483647;
			files = (
			);
			inputFileListPaths = (
				"${PODS_ROOT}/Target Support Files/Pods-SwiftUI FoodApp/Pods-SwiftUI FoodApp-frameworks-${CONFIGURATION}-input-files.xcfilelist",
			);
			name = "[CP] Embed Pods Frameworks";
			outputFileListPaths = (
				"${PODS_ROOT}/Target Support Files/Pods-SwiftUI FoodApp/Pods-SwiftUI FoodApp-frameworks-${CONFIGURATION}-output-files.xcfilelist",
			);
			runOnlyForDeploymentPostprocessing = 0;
			shellPath = /bin/sh;
			shellScript = "\"${PODS_ROOT}/Target Support Files/Pods-SwiftUI FoodApp/Pods-SwiftUI FoodApp-frameworks.sh\"\n";
			showEnvVarsInLog = 0;
		};
		72B6C69D02204FCEB5A83000 /* [CP] Embed Pods Frameworks */ = {
			isa = PBXShellScriptBuildPhase;
			buildActionMask = 2147483647;
			files = (
			);
			inputFileListPaths = (
				"${PODS_ROOT}/Target Support Files/Pods-SwiftUI FoodApp-SwiftUI FoodAppUITests/Pods-SwiftUI FoodApp-SwiftUI FoodAppUITests-frameworks-${CONFIGURATION}-input-files.xcfilelist",
			);
			name = "[CP] Embed Pods Frameworks";
			outputFileListPaths = (
				"${PODS_ROOT}/Target Support Files/Pods-SwiftUI FoodApp-SwiftUI FoodAppUITests/Pods-SwiftUI FoodApp-SwiftUI FoodAppUITests-frameworks-${CONFIGURATION}-output-files.xcfilelist",
			);
			runOnlyForDeploymentPostprocessing = 0;
			shellPath = /bin/sh;
			shellScript = "\"${PODS_ROOT}/Target Support Files/Pods-SwiftUI FoodApp-SwiftUI FoodAppUITests/Pods-SwiftUI FoodApp-SwiftUI FoodAppUITests-frameworks.sh\"\n";
			showEnvVarsInLog = 0;
		};
		BB01A5262A91158EFDC9F272 /* [CP] Check Pods Manifest.lock */ = {
			isa = PBXShellScriptBuildPhase;
			buildActionMask = 2147483647;
			files = (
			);
			inputFileListPaths = (
			);
			inputPaths = (
				"${PODS_PODFILE_DIR_PATH}/Podfile.lock",
				"${PODS_ROOT}/Manifest.lock",
			);
			name = "[CP] Check Pods Manifest.lock";
			outputFileListPaths = (
			);
			outputPaths = (
				"$(DERIVED_FILE_DIR)/Pods-SwiftUI FoodApp-SwiftUI FoodAppUITests-checkManifestLockResult.txt",
			);
			runOnlyForDeploymentPostprocessing = 0;
			shellPath = /bin/sh;
			shellScript = "diff \"${PODS_PODFILE_DIR_PATH}/Podfile.lock\" \"${PODS_ROOT}/Manifest.lock\" > /dev/null\nif [ $? != 0 ] ; then\n    # print error to STDERR\n    echo \"error: The sandbox is not in sync with the Podfile.lock. Run 'pod install' or update your CocoaPods installation.\" >&2\n    exit 1\nfi\n# This output is used by Xcode 'outputs' to avoid re-running this script phase.\necho \"SUCCESS\" > \"${SCRIPT_OUTPUT_FILE_0}\"\n";
			showEnvVarsInLog = 0;
		};
		C64ED7CB3298D84F1D747957 /* [CP] Check Pods Manifest.lock */ = {
			isa = PBXShellScriptBuildPhase;
			buildActionMask = 2147483647;
			files = (
			);
			inputFileListPaths = (
			);
			inputPaths = (
				"${PODS_PODFILE_DIR_PATH}/Podfile.lock",
				"${PODS_ROOT}/Manifest.lock",
			);
			name = "[CP] Check Pods Manifest.lock";
			outputFileListPaths = (
			);
			outputPaths = (
				"$(DERIVED_FILE_DIR)/Pods-SwiftUI FoodAppTests-checkManifestLockResult.txt",
			);
			runOnlyForDeploymentPostprocessing = 0;
			shellPath = /bin/sh;
			shellScript = "diff \"${PODS_PODFILE_DIR_PATH}/Podfile.lock\" \"${PODS_ROOT}/Manifest.lock\" > /dev/null\nif [ $? != 0 ] ; then\n    # print error to STDERR\n    echo \"error: The sandbox is not in sync with the Podfile.lock. Run 'pod install' or update your CocoaPods installation.\" >&2\n    exit 1\nfi\n# This output is used by Xcode 'outputs' to avoid re-running this script phase.\necho \"SUCCESS\" > \"${SCRIPT_OUTPUT_FILE_0}\"\n";
			showEnvVarsInLog = 0;
		};
/* End PBXShellScriptBuildPhase section */

/* Begin PBXSourcesBuildPhase section */
		1074FA3025496C8F004492E9 /* Sources */ = {
			isa = PBXSourcesBuildPhase;
			buildActionMask = 2147483647;
			files = (
				10EA9CE6254AC417001E5D23 /* CartView.swift in Sources */,
				1074FA3A25496C8F004492E9 /* ContentView.swift in Sources */,
				10716E31254B139D00F654B8 /* FiltreView.swift in Sources */,
				1074FA6925496CD3004492E9 /* Home.swift in Sources */,
				1074FA3825496C8F004492E9 /* SwiftUI_FoodAppApp.swift in Sources */,
				1074FA7125496CF0004492E9 /* HomeModelView.swift in Sources */,
				10EA9CD6254AA3E7001E5D23 /* ItemView.swift in Sources */,
				103559EA2549A7010019E88B /* Item.swift in Sources */,
				104C3828254988AA00C72197 /* Menu.swift in Sources */,
				10EA9CE1254AB8B9001E5D23 /* Cart.swift in Sources */,
			);
			runOnlyForDeploymentPostprocessing = 0;
		};
		1074FA4125496C90004492E9 /* Sources */ = {
			isa = PBXSourcesBuildPhase;
			buildActionMask = 2147483647;
			files = (
				1074FA4A25496C90004492E9 /* SwiftUI_FoodAppTests.swift in Sources */,
			);
			runOnlyForDeploymentPostprocessing = 0;
		};
		1074FA4C25496C90004492E9 /* Sources */ = {
			isa = PBXSourcesBuildPhase;
			buildActionMask = 2147483647;
			files = (
				1074FA5525496C90004492E9 /* SwiftUI_FoodAppUITests.swift in Sources */,
			);
			runOnlyForDeploymentPostprocessing = 0;
		};
/* End PBXSourcesBuildPhase section */

/* Begin PBXTargetDependency section */
		1074FA4725496C90004492E9 /* PBXTargetDependency */ = {
			isa = PBXTargetDependency;
			target = 1074FA3325496C8F004492E9 /* SwiftUI FoodApp */;
			targetProxy = 1074FA4625496C90004492E9 /* PBXContainerItemProxy */;
		};
		1074FA5225496C90004492E9 /* PBXTargetDependency */ = {
			isa = PBXTargetDependency;
			target = 1074FA3325496C8F004492E9 /* SwiftUI FoodApp */;
			targetProxy = 1074FA5125496C90004492E9 /* PBXContainerItemProxy */;
		};
/* End PBXTargetDependency section */

/* Begin XCBuildConfiguration section */
		1074FA5725496C90004492E9 /* Debug */ = {
			isa = XCBuildConfiguration;
			buildSettings = {
				ALWAYS_SEARCH_USER_PATHS = NO;
				CLANG_ANALYZER_NONNULL = YES;
				CLANG_ANALYZER_NUMBER_OBJECT_CONVERSION = YES_AGGRESSIVE;
				CLANG_CXX_LANGUAGE_STANDARD = "gnu++14";
				CLANG_CXX_LIBRARY = "libc++";
				CLANG_ENABLE_MODULES = YES;
				CLANG_ENABLE_OBJC_ARC = YES;
				CLANG_ENABLE_OBJC_WEAK = YES;
				CLANG_WARN_BLOCK_CAPTURE_AUTORELEASING = YES;
				CLANG_WARN_BOOL_CONVERSION = YES;
				CLANG_WARN_COMMA = YES;
				CLANG_WARN_CONSTANT_CONVERSION = YES;
				CLANG_WARN_DEPRECATED_OBJC_IMPLEMENTATIONS = YES;
				CLANG_WARN_DIRECT_OBJC_ISA_USAGE = YES_ERROR;
				CLANG_WARN_DOCUMENTATION_COMMENTS = YES;
				CLANG_WARN_EMPTY_BODY = YES;
				CLANG_WARN_ENUM_CONVERSION = YES;
				CLANG_WARN_INFINITE_RECURSION = YES;
				CLANG_WARN_INT_CONVERSION = YES;
				CLANG_WARN_NON_LITERAL_NULL_CONVERSION = YES;
				CLANG_WARN_OBJC_IMPLICIT_RETAIN_SELF = YES;
				CLANG_WARN_OBJC_LITERAL_CONVERSION = YES;
				CLANG_WARN_OBJC_ROOT_CLASS = YES_ERROR;
				CLANG_WARN_QUOTED_INCLUDE_IN_FRAMEWORK_HEADER = YES;
				CLANG_WARN_RANGE_LOOP_ANALYSIS = YES;
				CLANG_WARN_STRICT_PROTOTYPES = YES;
				CLANG_WARN_SUSPICIOUS_MOVE = YES;
				CLANG_WARN_UNGUARDED_AVAILABILITY = YES_AGGRESSIVE;
				CLANG_WARN_UNREACHABLE_CODE = YES;
				CLANG_WARN__DUPLICATE_METHOD_MATCH = YES;
				COPY_PHASE_STRIP = NO;
				DEBUG_INFORMATION_FORMAT = dwarf;
				ENABLE_STRICT_OBJC_MSGSEND = YES;
				ENABLE_TESTABILITY = YES;
				GCC_C_LANGUAGE_STANDARD = gnu11;
				GCC_DYNAMIC_NO_PIC = NO;
				GCC_NO_COMMON_BLOCKS = YES;
				GCC_OPTIMIZATION_LEVEL = 0;
				GCC_PREPROCESSOR_DEFINITIONS = (
					"DEBUG=1",
					"$(inherited)",
				);
				GCC_WARN_64_TO_32_BIT_CONVERSION = YES;
				GCC_WARN_ABOUT_RETURN_TYPE = YES_ERROR;
				GCC_WARN_UNDECLARED_SELECTOR = YES;
				GCC_WARN_UNINITIALIZED_AUTOS = YES_AGGRESSIVE;
				GCC_WARN_UNUSED_FUNCTION = YES;
				GCC_WARN_UNUSED_VARIABLE = YES;
				IPHONEOS_DEPLOYMENT_TARGET = 14.1;
				MTL_ENABLE_DEBUG_INFO = INCLUDE_SOURCE;
				MTL_FAST_MATH = YES;
				ONLY_ACTIVE_ARCH = YES;
				SDKROOT = iphoneos;
				SWIFT_ACTIVE_COMPILATION_CONDITIONS = DEBUG;
				SWIFT_OPTIMIZATION_LEVEL = "-Onone";
			};
			name = Debug;
		};
		1074FA5825496C90004492E9 /* Release */ = {
			isa = XCBuildConfiguration;
			buildSettings = {
				ALWAYS_SEARCH_USER_PATHS = NO;
				CLANG_ANALYZER_NONNULL = YES;
				CLANG_ANALYZER_NUMBER_OBJECT_CONVERSION = YES_AGGRESSIVE;
				CLANG_CXX_LANGUAGE_STANDARD = "gnu++14";
				CLANG_CXX_LIBRARY = "libc++";
				CLANG_ENABLE_MODULES = YES;
				CLANG_ENABLE_OBJC_ARC = YES;
				CLANG_ENABLE_OBJC_WEAK = YES;
				CLANG_WARN_BLOCK_CAPTURE_AUTORELEASING = YES;
				CLANG_WARN_BOOL_CONVERSION = YES;
				CLANG_WARN_COMMA = YES;
				CLANG_WARN_CONSTANT_CONVERSION = YES;
				CLANG_WARN_DEPRECATED_OBJC_IMPLEMENTATIONS = YES;
				CLANG_WARN_DIRECT_OBJC_ISA_USAGE = YES_ERROR;
				CLANG_WARN_DOCUMENTATION_COMMENTS = YES;
				CLANG_WARN_EMPTY_BODY = YES;
				CLANG_WARN_ENUM_CONVERSION = YES;
				CLANG_WARN_INFINITE_RECURSION = YES;
				CLANG_WARN_INT_CONVERSION = YES;
				CLANG_WARN_NON_LITERAL_NULL_CONVERSION = YES;
				CLANG_WARN_OBJC_IMPLICIT_RETAIN_SELF = YES;
				CLANG_WARN_OBJC_LITERAL_CONVERSION = YES;
				CLANG_WARN_OBJC_ROOT_CLASS = YES_ERROR;
				CLANG_WARN_QUOTED_INCLUDE_IN_FRAMEWORK_HEADER = YES;
				CLANG_WARN_RANGE_LOOP_ANALYSIS = YES;
				CLANG_WARN_STRICT_PROTOTYPES = YES;
				CLANG_WARN_SUSPICIOUS_MOVE = YES;
				CLANG_WARN_UNGUARDED_AVAILABILITY = YES_AGGRESSIVE;
				CLANG_WARN_UNREACHABLE_CODE = YES;
				CLANG_WARN__DUPLICATE_METHOD_MATCH = YES;
				COPY_PHASE_STRIP = NO;
				DEBUG_INFORMATION_FORMAT = "dwarf-with-dsym";
				ENABLE_NS_ASSERTIONS = NO;
				ENABLE_STRICT_OBJC_MSGSEND = YES;
				GCC_C_LANGUAGE_STANDARD = gnu11;
				GCC_NO_COMMON_BLOCKS = YES;
				GCC_WARN_64_TO_32_BIT_CONVERSION = YES;
				GCC_WARN_ABOUT_RETURN_TYPE = YES_ERROR;
				GCC_WARN_UNDECLARED_SELECTOR = YES;
				GCC_WARN_UNINITIALIZED_AUTOS = YES_AGGRESSIVE;
				GCC_WARN_UNUSED_FUNCTION = YES;
				GCC_WARN_UNUSED_VARIABLE = YES;
				IPHONEOS_DEPLOYMENT_TARGET = 14.1;
				MTL_ENABLE_DEBUG_INFO = NO;
				MTL_FAST_MATH = YES;
				SDKROOT = iphoneos;
				SWIFT_COMPILATION_MODE = wholemodule;
				SWIFT_OPTIMIZATION_LEVEL = "-O";
				VALIDATE_PRODUCT = YES;
			};
			name = Release;
		};
		1074FA5A25496C90004492E9 /* Debug */ = {
			isa = XCBuildConfiguration;
			baseConfigurationReference = E832C4C195A3387028D916F9 /* Pods-SwiftUI FoodApp.debug.xcconfig */;
			buildSettings = {
				ASSETCATALOG_COMPILER_APPICON_NAME = AppIcon;
				ASSETCATALOG_COMPILER_GLOBAL_ACCENT_COLOR_NAME = AccentColor;
				CODE_SIGN_STYLE = Automatic;
				DEVELOPMENT_ASSET_PATHS = "\"SwiftUI FoodApp/Preview Content\"";
				DEVELOPMENT_TEAM = 28FY2PHCA4;
				ENABLE_PREVIEWS = YES;
				INFOPLIST_FILE = "SwiftUI FoodApp/Info.plist";
				IPHONEOS_DEPLOYMENT_TARGET = 14.0;
				LD_RUNPATH_SEARCH_PATHS = (
					"$(inherited)",
					"@executable_path/Frameworks",
				);
				PRODUCT_BUNDLE_IDENTIFIER = "elhajjaji.SwiftUI-FoodApp";
				PRODUCT_NAME = "$(TARGET_NAME)";
				SWIFT_VERSION = 5.0;
				TARGETED_DEVICE_FAMILY = "1,2";
			};
			name = Debug;
		};
		1074FA5B25496C90004492E9 /* Release */ = {
			isa = XCBuildConfiguration;
			baseConfigurationReference = AD206426A7DCDC792BC62212 /* Pods-SwiftUI FoodApp.release.xcconfig */;
			buildSettings = {
				ASSETCATALOG_COMPILER_APPICON_NAME = AppIcon;
				ASSETCATALOG_COMPILER_GLOBAL_ACCENT_COLOR_NAME = AccentColor;
				CODE_SIGN_STYLE = Automatic;
				DEVELOPMENT_ASSET_PATHS = "\"SwiftUI FoodApp/Preview Content\"";
				DEVELOPMENT_TEAM = 28FY2PHCA4;
				ENABLE_PREVIEWS = YES;
				INFOPLIST_FILE = "SwiftUI FoodApp/Info.plist";
				IPHONEOS_DEPLOYMENT_TARGET = 14.0;
				LD_RUNPATH_SEARCH_PATHS = (
					"$(inherited)",
					"@executable_path/Frameworks",
				);
				PRODUCT_BUNDLE_IDENTIFIER = "elhajjaji.SwiftUI-FoodApp";
				PRODUCT_NAME = "$(TARGET_NAME)";
				SWIFT_VERSION = 5.0;
				TARGETED_DEVICE_FAMILY = "1,2";
			};
			name = Release;
		};
		1074FA5D25496C90004492E9 /* Debug */ = {
			isa = XCBuildConfiguration;
			baseConfigurationReference = ED1FB592BD50BAD9F0628C65 /* Pods-SwiftUI FoodAppTests.debug.xcconfig */;
			buildSettings = {
				ALWAYS_EMBED_SWIFT_STANDARD_LIBRARIES = YES;
				BUNDLE_LOADER = "$(TEST_HOST)";
				CODE_SIGN_STYLE = Automatic;
				DEVELOPMENT_TEAM = 28FY2PHCA4;
				INFOPLIST_FILE = "SwiftUI FoodAppTests/Info.plist";
				IPHONEOS_DEPLOYMENT_TARGET = 14.0;
				LD_RUNPATH_SEARCH_PATHS = (
					"$(inherited)",
					"@executable_path/Frameworks",
					"@loader_path/Frameworks",
				);
				PRODUCT_BUNDLE_IDENTIFIER = "elhajjaji.SwiftUI-FoodAppTests";
				PRODUCT_NAME = "$(TARGET_NAME)";
				SWIFT_VERSION = 5.0;
				TARGETED_DEVICE_FAMILY = "1,2";
				TEST_HOST = "$(BUILT_PRODUCTS_DIR)/SwiftUI FoodApp.app/SwiftUI FoodApp";
			};
			name = Debug;
		};
		1074FA5E25496C90004492E9 /* Release */ = {
			isa = XCBuildConfiguration;
			baseConfigurationReference = BB96F519E729FAEFB882CCD9 /* Pods-SwiftUI FoodAppTests.release.xcconfig */;
			buildSettings = {
				ALWAYS_EMBED_SWIFT_STANDARD_LIBRARIES = YES;
				BUNDLE_LOADER = "$(TEST_HOST)";
				CODE_SIGN_STYLE = Automatic;
				DEVELOPMENT_TEAM = 28FY2PHCA4;
				INFOPLIST_FILE = "SwiftUI FoodAppTests/Info.plist";
				IPHONEOS_DEPLOYMENT_TARGET = 14.0;
				LD_RUNPATH_SEARCH_PATHS = (
					"$(inherited)",
					"@executable_path/Frameworks",
					"@loader_path/Frameworks",
				);
				PRODUCT_BUNDLE_IDENTIFIER = "elhajjaji.SwiftUI-FoodAppTests";
				PRODUCT_NAME = "$(TARGET_NAME)";
				SWIFT_VERSION = 5.0;
				TARGETED_DEVICE_FAMILY = "1,2";
				TEST_HOST = "$(BUILT_PRODUCTS_DIR)/SwiftUI FoodApp.app/SwiftUI FoodApp";
			};
			name = Release;
		};
		1074FA6025496C90004492E9 /* Debug */ = {
			isa = XCBuildConfiguration;
			baseConfigurationReference = 43DE604AD97180D9A8BB4235 /* Pods-SwiftUI FoodApp-SwiftUI FoodAppUITests.debug.xcconfig */;
			buildSettings = {
				ALWAYS_EMBED_SWIFT_STANDARD_LIBRARIES = YES;
				CODE_SIGN_STYLE = Automatic;
				DEVELOPMENT_TEAM = 28FY2PHCA4;
				INFOPLIST_FILE = "SwiftUI FoodAppUITests/Info.plist";
				LD_RUNPATH_SEARCH_PATHS = (
					"$(inherited)",
					"@executable_path/Frameworks",
					"@loader_path/Frameworks",
				);
				PRODUCT_BUNDLE_IDENTIFIER = "elhajjaji.SwiftUI-FoodAppUITests";
				PRODUCT_NAME = "$(TARGET_NAME)";
				SWIFT_VERSION = 5.0;
				TARGETED_DEVICE_FAMILY = "1,2";
				TEST_TARGET_NAME = "SwiftUI FoodApp";
			};
			name = Debug;
		};
		1074FA6125496C90004492E9 /* Release */ = {
			isa = XCBuildConfiguration;
			baseConfigurationReference = 8818C6E5D8CEF9283D333423 /* Pods-SwiftUI FoodApp-SwiftUI FoodAppUITests.release.xcconfig */;
			buildSettings = {
				ALWAYS_EMBED_SWIFT_STANDARD_LIBRARIES = YES;
				CODE_SIGN_STYLE = Automatic;
				DEVELOPMENT_TEAM = 28FY2PHCA4;
				INFOPLIST_FILE = "SwiftUI FoodAppUITests/Info.plist";
				LD_RUNPATH_SEARCH_PATHS = (
					"$(inherited)",
					"@executable_path/Frameworks",
					"@loader_path/Frameworks",
				);
				PRODUCT_BUNDLE_IDENTIFIER = "elhajjaji.SwiftUI-FoodAppUITests";
				PRODUCT_NAME = "$(TARGET_NAME)";
				SWIFT_VERSION = 5.0;
				TARGETED_DEVICE_FAMILY = "1,2";
				TEST_TARGET_NAME = "SwiftUI FoodApp";
			};
			name = Release;
		};
/* End XCBuildConfiguration section */

/* Begin XCConfigurationList section */
		1074FA2F25496C8F004492E9 /* Build configuration list for PBXProject "SwiftUI FoodApp" */ = {
			isa = XCConfigurationList;
			buildConfigurations = (
				1074FA5725496C90004492E9 /* Debug */,
				1074FA5825496C90004492E9 /* Release */,
			);
			defaultConfigurationIsVisible = 0;
			defaultConfigurationName = Release;
		};
		1074FA5925496C90004492E9 /* Build configuration list for PBXNativeTarget "SwiftUI FoodApp" */ = {
			isa = XCConfigurationList;
			buildConfigurations = (
				1074FA5A25496C90004492E9 /* Debug */,
				1074FA5B25496C90004492E9 /* Release */,
			);
			defaultConfigurationIsVisible = 0;
			defaultConfigurationName = Release;
		};
		1074FA5C25496C90004492E9 /* Build configuration list for PBXNativeTarget "SwiftUI FoodAppTests" */ = {
			isa = XCConfigurationList;
			buildConfigurations = (
				1074FA5D25496C90004492E9 /* Debug */,
				1074FA5E25496C90004492E9 /* Release */,
			);
			defaultConfigurationIsVisible = 0;
			defaultConfigurationName = Release;
		};
		1074FA5F25496C90004492E9 /* Build configuration list for PBXNativeTarget "SwiftUI FoodAppUITests" */ = {
			isa = XCConfigurationList;
			buildConfigurations = (
				1074FA6025496C90004492E9 /* Debug */,
				1074FA6125496C90004492E9 /* Release */,
			);
			defaultConfigurationIsVisible = 0;
			defaultConfigurationName = Release;
		};
/* End XCConfigurationList section */

/* Begin XCRemoteSwiftPackageReference section */
		10EA9CDA254AA478001E5D23 /* XCRemoteSwiftPackageReference "SDWebImageSwiftUI" */ = {
			isa = XCRemoteSwiftPackageReference;
			repositoryURL = "https://github.com/SDWebImage/SDWebImageSwiftUI";
			requirement = {
				kind = upToNextMajorVersion;
				minimumVersion = 1.5.0;
			};
		};
/* End XCRemoteSwiftPackageReference section */

/* Begin XCSwiftPackageProductDependency section */
		10EA9CDB254AA478001E5D23 /* SDWebImageSwiftUI */ = {
			isa = XCSwiftPackageProductDependency;
			package = 10EA9CDA254AA478001E5D23 /* XCRemoteSwiftPackageReference "SDWebImageSwiftUI" */;
			productName = SDWebImageSwiftUI;
		};
/* End XCSwiftPackageProductDependency section */
	};
	rootObject = 1074FA2C25496C8F004492E9 /* Project object */;
}
